
Microsoft Visual Studio Solution File, Format Version 12.00
# Visual Studio Version 17
VisualStudioVersion = 17.5.33530.505
MinimumVisualStudioVersion = 10.0.40219.1
Project("{FAE04EC0-301F-11D3-BF4B-00C04F79EFBC}") = "LAB160125", "LAB160125.csproj", "{3FDFFD71-C438-4D9B-8C3C-E39767FEB44F}"
EndProject
Global
	GlobalSection(SolutionConfigurationPlatforms) = preSolution
		Debug|Any CPU = Debug|Any CPU
		Release|Any CPU = Release|Any CPU
	EndGlobalSection
	GlobalSection(ProjectConfigurationPlatforms) = postSolution
		{3FDFFD71-C438-4D9B-8C3C-E39767FEB44F}.Debug|Any CPU.ActiveCfg = Debug|Any CPU
		{3FDFFD71-C438-4D9B-8C3C-E39767FEB44F}.Debug|Any CPU.Build.0 = Debug|Any CPU
		{3FDFFD71-C438-4D9B-8C3C-E39767FEB44F}.Release|Any CPU.ActiveCfg = Release|Any CPU
		{3FDFFD71-C438-4D9B-8C3C-E39767FEB44F}.Release|Any CPU.Build.0 = Release|Any CPU
	EndGlobalSection
	GlobalSection(SolutionProperties) = preSolution
		HideSolutionNode = FALSE
	EndGlobalSection
	GlobalSection(ExtensibilityGlobals) = postSolution
		SolutionGuid = {6C87DB6C-F418-4545-859E-121F25BEC1F0}
	EndGlobalSection
EndGlobal
